PODS:
  - AFNetworking (2.5.4):
    - AFNetworking/NSURLConnection (= 2.5.4)
    - AFNetworking/NSURLSession (= 2.5.4)
    - AFNetworking/Reachability (= 2.5.4)
    - AFNetworking/Security (= 2.5.4)
    - AFNetworking/Serialization (= 2.5.4)
    - AFNetworking/UIKit (= 2.5.4)
  - AFNetworking/NSURLConnection (2.5.4):
    - AFNetworking/Reachability
    - AFNetworking/Security
    - AFNetworking/Serialization
  - AFNetworking/NSURLSession (2.5.4):
    - AFNetworking/Reachability
    - AFNetworking/Security
    - AFNetworking/Serialization
  - AFNetworking/Reachability (2.5.4)
  - AFNetworking/Security (2.5.4)
  - AFNetworking/Serialization (2.5.4)
  - AFNetworking/UIKit (2.5.4):
    - AFNetworking/NSURLConnection
    - AFNetworking/NSURLSession
  - CocoaAsyncSocket (7.6.3)
  - MBProgressHUD (1.0.0)
  - OHMySQL (2.1.1)
  - OpenSSL (1.0.210)
  - PureLayout (3.0.2)
  - SDWebImage (4.4.2):
    - SDWebImage/Core (= 4.4.2)
  - SDWebImage/Core (4.4.2)
  - SGQRCode (3.0.1)

DEPENDENCIES:
  - AFNetworking (~> 2.5.3)
  - CocoaAsyncSocket
  - MBProgressHUD
  - OHMySQL
  - OpenSSL (~> 1.0)
  - PureLayout
  - SDWebImage (~> 4.0)
  - SGQRCode (~> 3.0.1)

SPEC CHECKSUMS:
  AFNetworking: 05edc0ac4c4c8cf57bcf4b84be5b0744b6d8e71e
  CocoaAsyncSocket: eafaa68a7e0ec99ead0a7b35015e0bf25d2c8987
  MBProgressHUD: 4890f671c94e8a0f3cf959aa731e9de2f036d71a
  OHMySQL: b322db1b6fca0fb3f468ff716a55cd935a88272c
  OpenSSL: 246ffb948e9d56466727fd318134af35f5aa764e
  PureLayout: 4d550abe49a94f24c2808b9b95db9131685fe4cd
  SDWebImage: 624d6e296c69b244bcede364c72ae0430ac14681
  SGQRCode: bf02d60e18d6660a9d75ff1c8b9b467f064f054e

PODFILE CHECKSUM: 9f55faeec6005890480e4d132a8d75d31465efff

COCOAPODS: 1.3.1
